<?xml version="1.0" encoding="utf-8"?>
<Project ToolsVersion="4.0" xmlns="http://schemas.microsoft.com/developer/msbuild/2003">
  <ItemGroup>
    <Filter Include="Fichiers sources">
      <UniqueIdentifier>{4FC737F1-C7A5-4376-A066-2A32D752A2FF}</UniqueIdentifier>
      <Extensions>cpp;c;cc;cxx;c++;cppm;ixx;def;odl;idl;hpj;bat;asm;asmx</Extensions>
    </Filter>
    <Filter Include="Fichiers d%27en-tête">
      <UniqueIdentifier>{93995380-89BD-4b04-88EB-625FBE52EBFB}</UniqueIdentifier>
      <Extensions>h;hh;hpp;hxx;h++;hm;inl;inc;ipp;xsd</Extensions>
    </Filter>
    <Filter Include="Fichiers de ressources">
      <UniqueIdentifier>{67DA6AB6-F800-4c08-8B7A-83BB121AAD01}</UniqueIdentifier>
      <Extensions>rc;ico;cur;bmp;dlg;rc2;rct;bin;rgs;gif;jpg;jpeg;jpe;resx;tiff;tif;png;wav;mfcribbon-ms</Extensions>
    </Filter>
    <Filter Include="Fichiers d%27en-tête\libs">
      <UniqueIdentifier>{5e03c5b0-c057-4188-b3e4-092893a8563f}</UniqueIdentifier>
    </Filter>
    <Filter Include="Fichiers d%27en-tête\libs\glad">
      <UniqueIdentifier>{95cec52c-08ad-4e84-9eb2-9b2a26742187}</UniqueIdentifier>
    </Filter>
    <Filter Include="Fichiers d%27en-tête\libs\GLFW">
      <UniqueIdentifier>{647d0e7c-bdc0-45ab-ae17-4d6f67d38400}</UniqueIdentifier>
    </Filter>
    <Filter Include="Fichiers d%27en-tête\libs\glm">
      <UniqueIdentifier>{6f7afabb-347b-4cce-b56d-007553fff352}</UniqueIdentifier>
    </Filter>
    <Filter Include="Fichiers d%27en-tête\libs\imgui">
      <UniqueIdentifier>{db0449ac-1d8c-4798-b10b-2db1ccdd367a}</UniqueIdentifier>
    </Filter>
    <Filter Include="Fichiers d%27en-tête\libs\LearnOpenGL">
      <UniqueIdentifier>{33ad45f8-b41a-4f31-9cdc-db43a682ce3e}</UniqueIdentifier>
    </Filter>
    <Filter Include="Fichiers sources\libs">
      <UniqueIdentifier>{3765d6f5-e878-48c2-92a0-8d00207b49bb}</UniqueIdentifier>
    </Filter>
    <Filter Include="Fichiers sources\libs\glad">
      <UniqueIdentifier>{55465e07-18e2-4ef6-947e-a32e5139081f}</UniqueIdentifier>
    </Filter>
    <Filter Include="Fichiers sources\libs\LearnOpenGL">
      <UniqueIdentifier>{5e6142a2-c5f5-441d-8ff8-bb852faef6c1}</UniqueIdentifier>
    </Filter>
    <Filter Include="Fichiers sources\libs\imgui">
      <UniqueIdentifier>{54aa0a0f-1fc8-43f8-b9e7-d18b238bfcb0}</UniqueIdentifier>
    </Filter>
    <Filter Include="Fichiers d%27en-tête\Forces">
      <UniqueIdentifier>{01a66cd8-3e25-4235-b2c6-166f97e0b753}</UniqueIdentifier>
    </Filter>
    <Filter Include="Fichiers d%27en-tête\Collisions">
      <UniqueIdentifier>{da5fe9df-4407-4d78-8cd9-86a7f65174b7}</UniqueIdentifier>
    </Filter>
    <Filter Include="Fichiers sources\Forces">
      <UniqueIdentifier>{f8af8cf3-b2d8-4e85-b888-b75563154657}</UniqueIdentifier>
    </Filter>
    <Filter Include="Fichiers sources\Collisions">
      <UniqueIdentifier>{7c902efc-0bb1-4dd8-a3ea-0fc4409d00bb}</UniqueIdentifier>
    </Filter>
  </ItemGroup>
  <ItemGroup>
    <ClCompile Include="main.cpp">
      <Filter>Fichiers sources</Filter>
    </ClCompile>
    <ClCompile Include="Vecteur3D.cpp">
      <Filter>Fichiers sources</Filter>
    </ClCompile>
    <ClCompile Include="Particule.cpp">
      <Filter>Fichiers sources</Filter>
    </ClCompile>
    <ClCompile Include="Integrateur.cpp">
      <Filter>Fichiers sources</Filter>
    </ClCompile>
    <ClCompile Include="Jeu.cpp">
      <Filter>Fichiers sources</Filter>
    </ClCompile>
    <ClCompile Include="OpenglImGui.cpp">
      <Filter>Fichiers sources</Filter>
    </ClCompile>
    <ClCompile Include="OpenGlGLFW.cpp">
      <Filter>Fichiers sources</Filter>
    </ClCompile>
    <ClCompile Include="libs\LearnOpenGL\camera_class.cpp">
      <Filter>Fichiers sources\libs\LearnOpenGL</Filter>
    </ClCompile>
    <ClCompile Include="libs\imgui\imgui.cpp">
      <Filter>Fichiers sources\libs\imgui</Filter>
    </ClCompile>
    <ClCompile Include="libs\imgui\imgui_demo.cpp">
      <Filter>Fichiers sources\libs\imgui</Filter>
    </ClCompile>
    <ClCompile Include="libs\imgui\imgui_draw.cpp">
      <Filter>Fichiers sources\libs\imgui</Filter>
    </ClCompile>
    <ClCompile Include="libs\imgui\imgui_impl_glfw.cpp">
      <Filter>Fichiers sources\libs\imgui</Filter>
    </ClCompile>
    <ClCompile Include="libs\imgui\imgui_impl_opengl3.cpp">
      <Filter>Fichiers sources\libs\imgui</Filter>
    </ClCompile>
    <ClCompile Include="libs\imgui\imgui_tables.cpp">
      <Filter>Fichiers sources\libs\imgui</Filter>
    </ClCompile>
    <ClCompile Include="libs\imgui\imgui_widgets.cpp">
      <Filter>Fichiers sources\libs\imgui</Filter>
    </ClCompile>
    <ClCompile Include="libs\glad\src\glad.c">
      <Filter>Fichiers sources\libs\glad</Filter>
    </ClCompile>
    <ClCompile Include="libs\stb_image.cpp">
      <Filter>Fichiers sources\libs</Filter>
    </ClCompile>
    <ClCompile Include="ParticuleSystem.cpp">
      <Filter>Fichiers sources</Filter>
    </ClCompile>
    <ClCompile Include="ParticuleContact.cpp">
      <Filter>Fichiers sources\Collisions</Filter>
    </ClCompile>
    <ClCompile Include="ParticuleContactGenerator.cpp">
      <Filter>Fichiers sources\Collisions</Filter>
    </ClCompile>
    <ClCompile Include="ParticuleContactResolver.cpp">
      <Filter>Fichiers sources\Collisions</Filter>
    </ClCompile>
    <ClCompile Include="ParticuleFlottabilite.cpp">
      <Filter>Fichiers sources\Forces</Filter>
    </ClCompile>
    <ClCompile Include="ParticuleForceRegistre.cpp">
      <Filter>Fichiers sources\Forces</Filter>
    </ClCompile>
    <ClCompile Include="ParticuleGenerateurForce.cpp">
      <Filter>Fichiers sources\Forces</Filter>
    </ClCompile>
    <ClCompile Include="ParticuleGravite.cpp">
      <Filter>Fichiers sources\Forces</Filter>
    </ClCompile>
    <ClCompile Include="ParticuleRessort.cpp">
      <Filter>Fichiers sources\Forces</Filter>
    </ClCompile>
    <ClCompile Include="ParticuleRessortFixe.cpp">
      <Filter>Fichiers sources\Forces</Filter>
    </ClCompile>
    <ClCompile Include="ParticuleTrainee.cpp">
      <Filter>Fichiers sources\Forces</Filter>
    </ClCompile>
  </ItemGroup>
  <ItemGroup>
    <ClInclude Include="Vecteur3D.h">
      <Filter>Fichiers d%27en-tête</Filter>
    </ClInclude>
    <ClInclude Include="Particule.h">
      <Filter>Fichiers d%27en-tête</Filter>
    </ClInclude>
    <ClInclude Include="Integrateur.h">
      <Filter>Fichiers d%27en-tête</Filter>
    </ClInclude>
    <ClInclude Include="Jeu.h">
      <Filter>Fichiers d%27en-tête</Filter>
    </ClInclude>
    <ClInclude Include="Constantes.h">
      <Filter>Fichiers d%27en-tête</Filter>
    </ClInclude>
    <ClInclude Include="OpenGlGLFW.h">
      <Filter>Fichiers d%27en-tête</Filter>
    </ClInclude>
    <ClInclude Include="OpenglImGui.h">
      <Filter>Fichiers d%27en-tête</Filter>
    </ClInclude>
    <ClInclude Include="libs\glad\include\glad\glad.h">
      <Filter>Fichiers d%27en-tête\libs\glad</Filter>
    </ClInclude>
    <ClInclude Include="libs\glad\include\KHR\khrplatform.h">
      <Filter>Fichiers d%27en-tête\libs\glad</Filter>
    </ClInclude>
    <ClInclude Include="libs\GLFW\glfw3.h">
      <Filter>Fichiers d%27en-tête\libs\GLFW</Filter>
    </ClInclude>
    <ClInclude Include="libs\GLFW\glfw3native.h">
      <Filter>Fichiers d%27en-tête\libs\GLFW</Filter>
    </ClInclude>
    <ClInclude Include="libs\glm\glm.hpp">
      <Filter>Fichiers d%27en-tête\libs\glm</Filter>
    </ClInclude>
    <ClInclude Include="libs\LearnOpenGL\camera.h">
      <Filter>Fichiers d%27en-tête\libs\LearnOpenGL</Filter>
    </ClInclude>
    <ClInclude Include="libs\LearnOpenGL\filesystem.h">
      <Filter>Fichiers d%27en-tête\libs\LearnOpenGL</Filter>
    </ClInclude>
    <ClInclude Include="libs\LearnOpenGL\shader_m.h">
      <Filter>Fichiers d%27en-tête\libs\LearnOpenGL</Filter>
    </ClInclude>
    <ClInclude Include="libs\stb_image.h">
      <Filter>Fichiers d%27en-tête\libs</Filter>
    </ClInclude>
    <ClInclude Include="libs\imgui\imconfig.h">
      <Filter>Fichiers d%27en-tête\libs\imgui</Filter>
    </ClInclude>
    <ClInclude Include="libs\imgui\imgui.h">
      <Filter>Fichiers d%27en-tête\libs\imgui</Filter>
    </ClInclude>
    <ClInclude Include="libs\imgui\imgui_impl_glfw.h">
      <Filter>Fichiers d%27en-tête\libs\imgui</Filter>
    </ClInclude>
    <ClInclude Include="libs\imgui\imgui_impl_opengl3.h">
      <Filter>Fichiers d%27en-tête\libs\imgui</Filter>
    </ClInclude>
    <ClInclude Include="libs\imgui\imgui_impl_opengl3_loader.h">
      <Filter>Fichiers d%27en-tête\libs\imgui</Filter>
    </ClInclude>
    <ClInclude Include="libs\imgui\imgui_internal.h">
      <Filter>Fichiers d%27en-tête\libs\imgui</Filter>
    </ClInclude>
    <ClInclude Include="libs\imgui\imstb_rectpack.h">
      <Filter>Fichiers d%27en-tête\libs\imgui</Filter>
    </ClInclude>
    <ClInclude Include="libs\imgui\imstb_textedit.h">
      <Filter>Fichiers d%27en-tête\libs\imgui</Filter>
    </ClInclude>
    <ClInclude Include="libs\imgui\imstb_truetype.h">
      <Filter>Fichiers d%27en-tête\libs\imgui</Filter>
    </ClInclude>
    <ClInclude Include="libs\LearnOpenGL\root_directory.h">
      <Filter>Fichiers d%27en-tête\libs\LearnOpenGL</Filter>
    </ClInclude>
    <ClInclude Include="CameraControlleur.h">
      <Filter>Fichiers d%27en-tête\libs\LearnOpenGL</Filter>
    </ClInclude>
    <ClInclude Include="ParticuleSystem.h">
      <Filter>Fichiers d%27en-tête</Filter>
    </ClInclude>
    <ClInclude Include="ParticuleContact.h">
      <Filter>Fichiers d%27en-tête\Collisions</Filter>
    </ClInclude>
    <ClInclude Include="ParticuleContactGenerator.h">
      <Filter>Fichiers d%27en-tête\Collisions</Filter>
    </ClInclude>
    <ClInclude Include="ParticuleContactResolver.h">
      <Filter>Fichiers d%27en-tête\Collisions</Filter>
    </ClInclude>
    <ClInclude Include="ParticuleFlottabilite.h">
      <Filter>Fichiers d%27en-tête\Forces</Filter>
    </ClInclude>
    <ClInclude Include="ParticuleForceRegistre.h">
      <Filter>Fichiers d%27en-tête\Forces</Filter>
    </ClInclude>
    <ClInclude Include="ParticuleGenerateurForce.h">
      <Filter>Fichiers d%27en-tête\Forces</Filter>
    </ClInclude>
    <ClInclude Include="ParticuleGravite.h">
      <Filter>Fichiers d%27en-tête\Forces</Filter>
    </ClInclude>
    <ClInclude Include="ParticuleRessort.h">
      <Filter>Fichiers d%27en-tête\Forces</Filter>
    </ClInclude>
    <ClInclude Include="ParticuleRessortFixe.h">
      <Filter>Fichiers d%27en-tête\Forces</Filter>
    </ClInclude>
    <ClInclude Include="ParticuleTrainee.h">
      <Filter>Fichiers d%27en-tête\Forces</Filter>
    </ClInclude>
  </ItemGroup>
  <ItemGroup>
    <None Include="libs\LearnOpenGL\7.4.camera.fs">
      <Filter>Fichiers sources\libs\LearnOpenGL</Filter>
    </None>
    <None Include="libs\LearnOpenGL\7.4.camera.vs">
      <Filter>Fichiers sources\libs\LearnOpenGL</Filter>
    </None>
  </ItemGroup>
  <ItemGroup>
    <Library Include="libs\GLFW\glfw3.lib">
      <Filter>Fichiers de ressources</Filter>
    </Library>
  </ItemGroup>
</Project>